
Microsoft Visual Studio Solution File, Format Version 12.00
# Visual Studio 15
VisualStudioVersion = 15.0.27130.2027
MinimumVisualStudioVersion = 10.0.40219.1
Project("{9A19103F-16F7-4668-BE54-9A1E7A4F7556}") = "Geoloc", "Geoloc\Geoloc.csproj", "{511CA30B-DBA4-4625-B1AE-2BE9DFAA6812}"
EndProject
Project("{FAE04EC0-301F-11D3-BF4B-00C04F79EFBC}") = "Geoloc.Tests", "Geoloc.Tests\Geoloc.Tests.csproj", "{E07117A7-4CD1-44AE-9B34-90F0C79FD584}"
EndProject
Global
	GlobalSection(SolutionConfigurationPlatforms) = preSolution
		Debug|Any CPU = Debug|Any CPU
		Release|Any CPU = Release|Any CPU
	EndGlobalSection
	GlobalSection(ProjectConfigurationPlatforms) = postSolution
		{511CA30B-DBA4-4625-B1AE-2BE9DFAA6812}.Debug|Any CPU.ActiveCfg = Debug|Any CPU
		{511CA30B-DBA4-4625-B1AE-2BE9DFAA6812}.Debug|Any CPU.Build.0 = Debug|Any CPU
		{511CA30B-DBA4-4625-B1AE-2BE9DFAA6812}.Release|Any CPU.ActiveCfg = Release|Any CPU
		{511CA30B-DBA4-4625-B1AE-2BE9DFAA6812}.Release|Any CPU.Build.0 = Release|Any CPU
		{E07117A7-4CD1-44AE-9B34-90F0C79FD584}.Debug|Any CPU.ActiveCfg = Debug|Any CPU
		{E07117A7-4CD1-44AE-9B34-90F0C79FD584}.Debug|Any CPU.Build.0 = Debug|Any CPU
		{E07117A7-4CD1-44AE-9B34-90F0C79FD584}.Release|Any CPU.ActiveCfg = Release|Any CPU
		{E07117A7-4CD1-44AE-9B34-90F0C79FD584}.Release|Any CPU.Build.0 = Release|Any CPU
	EndGlobalSection
	GlobalSection(SolutionProperties) = preSolution
		HideSolutionNode = FALSE
	EndGlobalSection
	GlobalSection(ExtensibilityGlobals) = postSolution
		SolutionGuid = {3263E60E-8A6D-422D-87DD-9CFA3FE04822}
	EndGlobalSection
EndGlobal
